
Microsoft Visual Studio Solution File, Format Version 11.00
# Visual Studio 2010
Project("{FAE04EC0-301F-11D3-BF4B-00C04F79EFBC}") = "WHF.OA.WebUI", "WHF.OA.WebUI\WHF.OA.WebUI.csproj", "{C74DCEF0-E0C8-4530-94FD-7214ACE8114B}"
EndProject
Project("{2150E333-8FDC-42A3-9474-1A3956D46DE8}") = "BusinessLogicLayer", "BusinessLogicLayer", "{6AD8F89F-B6D6-448F-9B22-8BFD1AECD3B6}"
EndProject
Project("{2150E333-8FDC-42A3-9474-1A3956D46DE8}") = "DataAccessLayer", "DataAccessLayer", "{658E9A85-1C3B-42C0-B5B7-BB4C50FBEB23}"
EndProject
Project("{2150E333-8FDC-42A3-9474-1A3956D46DE8}") = "DataEntity", "DataEntity", "{72E93D96-4329-4C67-8597-3BABD9878A30}"
EndProject
Project("{2150E333-8FDC-42A3-9474-1A3956D46DE8}") = "DataProvider", "DataProvider", "{109E01FB-CD32-4612-90CD-47F3BF204E4D}"
EndProject
Project("{2150E333-8FDC-42A3-9474-1A3956D46DE8}") = "Shared", "Shared", "{99868DEE-CBC5-4A1C-B8AF-155ED91CEEB3}"
EndProject
Project("{FAE04EC0-301F-11D3-BF4B-00C04F79EFBC}") = "WHF.OA.NHibernate", "DataProvider\WHF.OA.NHibernate\WHF.OA.NHibernate.csproj", "{B5250ECA-B892-4227-8871-EED0DE84B414}"
EndProject
Project("{FAE04EC0-301F-11D3-BF4B-00C04F79EFBC}") = "WHF.OA.DataAccess", "DataProvider\WHF.OA.DataAccess\WHF.OA.DataAccess.csproj", "{B4ED0011-3EDE-4CAF-B164-16DF8C3C7062}"
EndProject
Project("{FAE04EC0-301F-11D3-BF4B-00C04F79EFBC}") = "WHF.OA.BasicData.Entity", "DataEntity\WHF.OA.BasicData.Entity\WHF.OA.BasicData.Entity.csproj", "{8C255BBB-7537-4F3A-82C2-F8514BE79BFB}"
EndProject
Project("{FAE04EC0-301F-11D3-BF4B-00C04F79EFBC}") = "WHF.OA.BasicData.BLL", "BusinessLogicLayer\WHF.OA.BasicData.BLL\WHF.OA.BasicData.BLL.csproj", "{375A663D-0D49-4C5D-BF1F-65D51BC5EE22}"
EndProject
Project("{FAE04EC0-301F-11D3-BF4B-00C04F79EFBC}") = "WHF.OA.BasicData.DAL", "DataAccessLayer\WHF.OA.BasicData.DAL\WHF.OA.BasicData.DAL.csproj", "{15D985F1-1246-4392-80F0-B18F076D347E}"
EndProject
Project("{FAE04EC0-301F-11D3-BF4B-00C04F79EFBC}") = "WHF.OA.Constants", "Shared\WHF.OA.Share.Constants\WHF.OA.Constants.csproj", "{BEF28FB7-7075-4D18-BD2C-3D23F263E624}"
EndProject
Global
	GlobalSection(SolutionConfigurationPlatforms) = preSolution
		Debug|Any CPU = Debug|Any CPU
		Release|Any CPU = Release|Any CPU
	EndGlobalSection
	GlobalSection(ProjectConfigurationPlatforms) = postSolution
		{C74DCEF0-E0C8-4530-94FD-7214ACE8114B}.Debug|Any CPU.ActiveCfg = Debug|Any CPU
		{C74DCEF0-E0C8-4530-94FD-7214ACE8114B}.Debug|Any CPU.Build.0 = Debug|Any CPU
		{C74DCEF0-E0C8-4530-94FD-7214ACE8114B}.Release|Any CPU.ActiveCfg = Release|Any CPU
		{C74DCEF0-E0C8-4530-94FD-7214ACE8114B}.Release|Any CPU.Build.0 = Release|Any CPU
		{B5250ECA-B892-4227-8871-EED0DE84B414}.Debug|Any CPU.ActiveCfg = Debug|Any CPU
		{B5250ECA-B892-4227-8871-EED0DE84B414}.Debug|Any CPU.Build.0 = Debug|Any CPU
		{B5250ECA-B892-4227-8871-EED0DE84B414}.Release|Any CPU.ActiveCfg = Release|Any CPU
		{B5250ECA-B892-4227-8871-EED0DE84B414}.Release|Any CPU.Build.0 = Release|Any CPU
		{B4ED0011-3EDE-4CAF-B164-16DF8C3C7062}.Debug|Any CPU.ActiveCfg = Debug|Any CPU
		{B4ED0011-3EDE-4CAF-B164-16DF8C3C7062}.Debug|Any CPU.Build.0 = Debug|Any CPU
		{B4ED0011-3EDE-4CAF-B164-16DF8C3C7062}.Release|Any CPU.ActiveCfg = Release|Any CPU
		{B4ED0011-3EDE-4CAF-B164-16DF8C3C7062}.Release|Any CPU.Build.0 = Release|Any CPU
		{8C255BBB-7537-4F3A-82C2-F8514BE79BFB}.Debug|Any CPU.ActiveCfg = Debug|Any CPU
		{8C255BBB-7537-4F3A-82C2-F8514BE79BFB}.Debug|Any CPU.Build.0 = Debug|Any CPU
		{8C255BBB-7537-4F3A-82C2-F8514BE79BFB}.Release|Any CPU.ActiveCfg = Release|Any CPU
		{8C255BBB-7537-4F3A-82C2-F8514BE79BFB}.Release|Any CPU.Build.0 = Release|Any CPU
		{375A663D-0D49-4C5D-BF1F-65D51BC5EE22}.Debug|Any CPU.ActiveCfg = Debug|Any CPU
		{375A663D-0D49-4C5D-BF1F-65D51BC5EE22}.Debug|Any CPU.Build.0 = Debug|Any CPU
		{375A663D-0D49-4C5D-BF1F-65D51BC5EE22}.Release|Any CPU.ActiveCfg = Release|Any CPU
		{375A663D-0D49-4C5D-BF1F-65D51BC5EE22}.Release|Any CPU.Build.0 = Release|Any CPU
		{15D985F1-1246-4392-80F0-B18F076D347E}.Debug|Any CPU.ActiveCfg = Debug|Any CPU
		{15D985F1-1246-4392-80F0-B18F076D347E}.Debug|Any CPU.Build.0 = Debug|Any CPU
		{15D985F1-1246-4392-80F0-B18F076D347E}.Release|Any CPU.ActiveCfg = Release|Any CPU
		{15D985F1-1246-4392-80F0-B18F076D347E}.Release|Any CPU.Build.0 = Release|Any CPU
		{BEF28FB7-7075-4D18-BD2C-3D23F263E624}.Debug|Any CPU.ActiveCfg = Debug|Any CPU
		{BEF28FB7-7075-4D18-BD2C-3D23F263E624}.Debug|Any CPU.Build.0 = Debug|Any CPU
		{BEF28FB7-7075-4D18-BD2C-3D23F263E624}.Release|Any CPU.ActiveCfg = Release|Any CPU
		{BEF28FB7-7075-4D18-BD2C-3D23F263E624}.Release|Any CPU.Build.0 = Release|Any CPU
	EndGlobalSection
	GlobalSection(SolutionProperties) = preSolution
		HideSolutionNode = FALSE
	EndGlobalSection
	GlobalSection(NestedProjects) = preSolution
		{375A663D-0D49-4C5D-BF1F-65D51BC5EE22} = {6AD8F89F-B6D6-448F-9B22-8BFD1AECD3B6}
		{15D985F1-1246-4392-80F0-B18F076D347E} = {658E9A85-1C3B-42C0-B5B7-BB4C50FBEB23}
		{8C255BBB-7537-4F3A-82C2-F8514BE79BFB} = {72E93D96-4329-4C67-8597-3BABD9878A30}
		{B5250ECA-B892-4227-8871-EED0DE84B414} = {109E01FB-CD32-4612-90CD-47F3BF204E4D}
		{B4ED0011-3EDE-4CAF-B164-16DF8C3C7062} = {109E01FB-CD32-4612-90CD-47F3BF204E4D}
		{BEF28FB7-7075-4D18-BD2C-3D23F263E624} = {99868DEE-CBC5-4A1C-B8AF-155ED91CEEB3}
	EndGlobalSection
EndGlobal
